// !$*UTF8*$!
{
	archiveVersion = 1;
	classes = {
	};
	objectVersion = 46;
	objects = {

/* Begin PBXBuildFile section */
		DD0F8AA51EC8A84500543979 /* ComentViewController.swift in Sources */ = {isa = PBXBuildFile; fileRef = DD0F8AA41EC8A84500543979 /* ComentViewController.swift */; };
		DD0F8AB21EC8CA8B00543979 /* アセット 2.png in Resources */ = {isa = PBXBuildFile; fileRef = DD0F8AAE1EC8CA8B00543979 /* アセット 2.png */; };
		DD0F8AB31EC8CA8B00543979 /* アセット 3.png in Resources */ = {isa = PBXBuildFile; fileRef = DD0F8AAF1EC8CA8B00543979 /* アセット 3.png */; };
		DD0F8AB41EC8CA8B00543979 /* アセット 4.png in Resources */ = {isa = PBXBuildFile; fileRef = DD0F8AB01EC8CA8B00543979 /* アセット 4.png */; };
		DD0F8AB51EC8CA8B00543979 /* アセット 5.png in Resources */ = {isa = PBXBuildFile; fileRef = DD0F8AB11EC8CA8B00543979 /* アセット 5.png */; };
		DD6CE4351EAB47CA007BB91F /* AppDelegate.swift in Sources */ = {isa = PBXBuildFile; fileRef = DD6CE4341EAB47CA007BB91F /* AppDelegate.swift */; };
		DD6CE4371EAB47CA007BB91F /* ViewController.swift in Sources */ = {isa = PBXBuildFile; fileRef = DD6CE4361EAB47CA007BB91F /* ViewController.swift */; };
		DD6CE43A1EAB47CA007BB91F /* Main.storyboard in Resources */ = {isa = PBXBuildFile; fileRef = DD6CE4381EAB47CA007BB91F /* Main.storyboard */; };
		DD6CE43C1EAB47CA007BB91F /* Assets.xcassets in Resources */ = {isa = PBXBuildFile; fileRef = DD6CE43B1EAB47CA007BB91F /* Assets.xcassets */; };
		DD6CE43F1EAB47CA007BB91F /* LaunchScreen.storyboard in Resources */ = {isa = PBXBuildFile; fileRef = DD6CE43D1EAB47CA007BB91F /* LaunchScreen.storyboard */; };
		DD6CE44A1EAB47CA007BB91F /* LibraryTests.swift in Sources */ = {isa = PBXBuildFile; fileRef = DD6CE4491EAB47CA007BB91F /* LibraryTests.swift */; };
		DD6CE4551EAB47CA007BB91F /* LibraryUITests.swift in Sources */ = {isa = PBXBuildFile; fileRef = DD6CE4541EAB47CA007BB91F /* LibraryUITests.swift */; };
		DD6CE4651EAB4CB3007BB91F /* GenreListTableViewController.swift in Sources */ = {isa = PBXBuildFile; fileRef = DD6CE4641EAB4CB3007BB91F /* GenreListTableViewController.swift */; };
		DD6CE46C1EAEF407007BB91F /* GenreTableViewCell.swift in Sources */ = {isa = PBXBuildFile; fileRef = DD6CE46A1EAEF407007BB91F /* GenreTableViewCell.swift */; };
		DD6CE46D1EAEF407007BB91F /* GenreTableViewCell.xib in Resources */ = {isa = PBXBuildFile; fileRef = DD6CE46B1EAEF407007BB91F /* GenreTableViewCell.xib */; };
		DD6CE4711EAEF45A007BB91F /* EditGenreViewController.swift in Sources */ = {isa = PBXBuildFile; fileRef = DD6CE4701EAEF45A007BB91F /* EditGenreViewController.swift */; };
		DDC7AF181EB64A3800476ED6 /* BookListTableViewController.swift in Sources */ = {isa = PBXBuildFile; fileRef = DDC7AF171EB64A3800476ED6 /* BookListTableViewController.swift */; };
		DDC7AF1B1EB64A4D00476ED6 /* BookTableViewCell.swift in Sources */ = {isa = PBXBuildFile; fileRef = DDC7AF191EB64A4D00476ED6 /* BookTableViewCell.swift */; };
		DDC7AF1C1EB64A4D00476ED6 /* BookTableViewCell.xib in Resources */ = {isa = PBXBuildFile; fileRef = DDC7AF1A1EB64A4D00476ED6 /* BookTableViewCell.xib */; };
		DDC7AF1E1EB64A6E00476ED6 /* EditBookViewController.swift in Sources */ = {isa = PBXBuildFile; fileRef = DDC7AF1D1EB64A6E00476ED6 /* EditBookViewController.swift */; };
/* End PBXBuildFile section */

/* Begin PBXContainerItemProxy section */
		DD6CE4461EAB47CA007BB91F /* PBXContainerItemProxy */ = {
			isa = PBXContainerItemProxy;
			containerPortal = DD6CE4291EAB47CA007BB91F /* Project object */;
			proxyType = 1;
			remoteGlobalIDString = DD6CE4301EAB47CA007BB91F;
			remoteInfo = Library;
		};
		DD6CE4511EAB47CA007BB91F /* PBXContainerItemProxy */ = {
			isa = PBXContainerItemProxy;
			containerPortal = DD6CE4291EAB47CA007BB91F /* Project object */;
			proxyType = 1;
			remoteGlobalIDString = DD6CE4301EAB47CA007BB91F;
			remoteInfo = Library;
		};
/* End PBXContainerItemProxy section */

/* Begin PBXFileReference section */
		DD0F8AA41EC8A84500543979 /* ComentViewController.swift */ = {isa = PBXFileReference; fileEncoding = 4; lastKnownFileType = sourcecode.swift; path = ComentViewController.swift; sourceTree = "<group>"; };
		DD0F8AAE1EC8CA8B00543979 /* アセット 2.png */ = {isa = PBXFileReference; lastKnownFileType = image.png; path = "アセット 2.png"; sourceTree = "<group>"; };
		DD0F8AAF1EC8CA8B00543979 /* アセット 3.png */ = {isa = PBXFileReference; lastKnownFileType = image.png; path = "アセット 3.png"; sourceTree = "<group>"; };
		DD0F8AB01EC8CA8B00543979 /* アセット 4.png */ = {isa = PBXFileReference; lastKnownFileType = image.png; path = "アセット 4.png"; sourceTree = "<group>"; };
		DD0F8AB11EC8CA8B00543979 /* アセット 5.png */ = {isa = PBXFileReference; lastKnownFileType = image.png; path = "アセット 5.png"; sourceTree = "<group>"; };
		DD6CE4311EAB47CA007BB91F /* Library.app */ = {isa = PBXFileReference; explicitFileType = wrapper.application; includeInIndex = 0; path = Library.app; sourceTree = BUILT_PRODUCTS_DIR; };
		DD6CE4341EAB47CA007BB91F /* AppDelegate.swift */ = {isa = PBXFileReference; lastKnownFileType = sourcecode.swift; path = AppDelegate.swift; sourceTree = "<group>"; };
		DD6CE4361EAB47CA007BB91F /* ViewController.swift */ = {isa = PBXFileReference; lastKnownFileType = sourcecode.swift; path = ViewController.swift; sourceTree = "<group>"; };
		DD6CE4391EAB47CA007BB91F /* Base */ = {isa = PBXFileReference; lastKnownFileType = file.storyboard; name = Base; path = Base.lproj/Main.storyboard; sourceTree = "<group>"; };
		DD6CE43B1EAB47CA007BB91F /* Assets.xcassets */ = {isa = PBXFileReference; lastKnownFileType = folder.assetcatalog; path = Assets.xcassets; sourceTree = "<group>"; };
		DD6CE43E1EAB47CA007BB91F /* Base */ = {isa = PBXFileReference; lastKnownFileType = file.storyboard; name = Base; path = Base.lproj/LaunchScreen.storyboard; sourceTree = "<group>"; };
		DD6CE4401EAB47CA007BB91F /* Info.plist */ = {isa = PBXFileReference; lastKnownFileType = text.plist.xml; path = Info.plist; sourceTree = "<group>"; };
		DD6CE4451EAB47CA007BB91F /* LibraryTests.xctest */ = {isa = PBXFileReference; explicitFileType = wrapper.cfbundle; includeInIndex = 0; path = LibraryTests.xctest; sourceTree = BUILT_PRODUCTS_DIR; };
		DD6CE4491EAB47CA007BB91F /* LibraryTests.swift */ = {isa = PBXFileReference; lastKnownFileType = sourcecode.swift; path = LibraryTests.swift; sourceTree = "<group>"; };
		DD6CE44B1EAB47CA007BB91F /* Info.plist */ = {isa = PBXFileReference; lastKnownFileType = text.plist.xml; path = Info.plist; sourceTree = "<group>"; };
		DD6CE4501EAB47CA007BB91F /* LibraryUITests.xctest */ = {isa = PBXFileReference; explicitFileType = wrapper.cfbundle; includeInIndex = 0; path = LibraryUITests.xctest; sourceTree = BUILT_PRODUCTS_DIR; };
		DD6CE4541EAB47CA007BB91F /* LibraryUITests.swift */ = {isa = PBXFileReference; lastKnownFileType = sourcecode.swift; path = LibraryUITests.swift; sourceTree = "<group>"; };
		DD6CE4561EAB47CA007BB91F /* Info.plist */ = {isa = PBXFileReference; lastKnownFileType = text.plist.xml; path = Info.plist; sourceTree = "<group>"; };
		DD6CE4641EAB4CB3007BB91F /* GenreListTableViewController.swift */ = {isa = PBXFileReference; fileEncoding = 4; lastKnownFileType = sourcecode.swift; path = GenreListTableViewController.swift; sourceTree = "<group>"; };
		DD6CE46A1EAEF407007BB91F /* GenreTableViewCell.swift */ = {isa = PBXFileReference; fileEncoding = 4; lastKnownFileType = sourcecode.swift; path = GenreTableViewCell.swift; sourceTree = "<group>"; };
		DD6CE46B1EAEF407007BB91F /* GenreTableViewCell.xib */ = {isa = PBXFileReference; fileEncoding = 4; lastKnownFileType = file.xib; path = GenreTableViewCell.xib; sourceTree = "<group>"; };
		DD6CE4701EAEF45A007BB91F /* EditGenreViewController.swift */ = {isa = PBXFileReference; fileEncoding = 4; lastKnownFileType = sourcecode.swift; path = EditGenreViewController.swift; sourceTree = "<group>"; };
		DDC7AF171EB64A3800476ED6 /* BookListTableViewController.swift */ = {isa = PBXFileReference; fileEncoding = 4; lastKnownFileType = sourcecode.swift; path = BookListTableViewController.swift; sourceTree = "<group>"; };
		DDC7AF191EB64A4D00476ED6 /* BookTableViewCell.swift */ = {isa = PBXFileReference; fileEncoding = 4; lastKnownFileType = sourcecode.swift; path = BookTableViewCell.swift; sourceTree = "<group>"; };
		DDC7AF1A1EB64A4D00476ED6 /* BookTableViewCell.xib */ = {isa = PBXFileReference; fileEncoding = 4; lastKnownFileType = file.xib; path = BookTableViewCell.xib; sourceTree = "<group>"; };
		DDC7AF1D1EB64A6E00476ED6 /* EditBookViewController.swift */ = {isa = PBXFileReference; fileEncoding = 4; lastKnownFileType = sourcecode.swift; path = EditBookViewController.swift; sourceTree = "<group>"; };
/* End PBXFileReference section */

/* Begin PBXFrameworksBuildPhase section */
		DD6CE42E1EAB47CA007BB91F /* Frameworks */ = {
			isa = PBXFrameworksBuildPhase;
			buildActionMask = 2147483647;
			files = (
			);
			runOnlyForDeploymentPostprocessing = 0;
		};
		DD6CE4421EAB47CA007BB91F /* Frameworks */ = {
			isa = PBXFrameworksBuildPhase;
			buildActionMask = 2147483647;
			files = (
			);
			runOnlyForDeploymentPostprocessing = 0;
		};
		DD6CE44D1EAB47CA007BB91F /* Frameworks */ = {
			isa = PBXFrameworksBuildPhase;
			buildActionMask = 2147483647;
			files = (
			);
			runOnlyForDeploymentPostprocessing = 0;
		};
/* End PBXFrameworksBuildPhase section */

/* Begin PBXGroup section */
		DD6CE4281EAB47CA007BB91F = {
			isa = PBXGroup;
			children = (
				DD6CE4331EAB47CA007BB91F /* Library */,
				DD6CE4481EAB47CA007BB91F /* LibraryTests */,
				DD6CE4531EAB47CA007BB91F /* LibraryUITests */,
				DD6CE4321EAB47CA007BB91F /* Products */,
			);
			sourceTree = "<group>";
		};
		DD6CE4321EAB47CA007BB91F /* Products */ = {
			isa = PBXGroup;
			children = (
				DD6CE4311EAB47CA007BB91F /* Library.app */,
				DD6CE4451EAB47CA007BB91F /* LibraryTests.xctest */,
				DD6CE4501EAB47CA007BB91F /* LibraryUITests.xctest */,
			);
			name = Products;
			sourceTree = "<group>";
		};
		DD6CE4331EAB47CA007BB91F /* Library */ = {
			isa = PBXGroup;
			children = (
				DD0F8AAE1EC8CA8B00543979 /* アセット 2.png */,
				DD0F8AAF1EC8CA8B00543979 /* アセット 3.png */,
				DD0F8AB01EC8CA8B00543979 /* アセット 4.png */,
				DD0F8AB11EC8CA8B00543979 /* アセット 5.png */,
				DD6CE4341EAB47CA007BB91F /* AppDelegate.swift */,
				DD6CE4361EAB47CA007BB91F /* ViewController.swift */,
				DD6CE4381EAB47CA007BB91F /* Main.storyboard */,
				DD6CE43B1EAB47CA007BB91F /* Assets.xcassets */,
				DD6CE43D1EAB47CA007BB91F /* LaunchScreen.storyboard */,
				DD6CE4401EAB47CA007BB91F /* Info.plist */,
				DD6CE4641EAB4CB3007BB91F /* GenreListTableViewController.swift */,
				DD6CE46A1EAEF407007BB91F /* GenreTableViewCell.swift */,
				DD6CE46B1EAEF407007BB91F /* GenreTableViewCell.xib */,
				DD6CE4701EAEF45A007BB91F /* EditGenreViewController.swift */,
				DDC7AF171EB64A3800476ED6 /* BookListTableViewController.swift */,
				DDC7AF191EB64A4D00476ED6 /* BookTableViewCell.swift */,
				DDC7AF1A1EB64A4D00476ED6 /* BookTableViewCell.xib */,
				DDC7AF1D1EB64A6E00476ED6 /* EditBookViewController.swift */,
				DD0F8AA41EC8A84500543979 /* ComentViewController.swift */,
			);
			path = Library;
			sourceTree = "<group>";
		};
		DD6CE4481EAB47CA007BB91F /* LibraryTests */ = {
			isa = PBXGroup;
			children = (
				DD6CE4491EAB47CA007BB91F /* LibraryTests.swift */,
				DD6CE44B1EAB47CA007BB91F /* Info.plist */,
			);
			path = LibraryTests;
			sourceTree = "<group>";
		};
		DD6CE4531EAB47CA007BB91F /* LibraryUITests */ = {
			isa = PBXGroup;
			children = (
				DD6CE4541EAB47CA007BB91F /* LibraryUITests.swift */,
				DD6CE4561EAB47CA007BB91F /* Info.plist */,
			);
			path = LibraryUITests;
			sourceTree = "<group>";
		};
/* End PBXGroup section */

/* Begin PBXNativeTarget section */
		DD6CE4301EAB47CA007BB91F /* Library */ = {
			isa = PBXNativeTarget;
			buildConfigurationList = DD6CE4591EAB47CA007BB91F /* Build configuration list for PBXNativeTarget "Library" */;
			buildPhases = (
				DD6CE42D1EAB47CA007BB91F /* Sources */,
				DD6CE42E1EAB47CA007BB91F /* Frameworks */,
				DD6CE42F1EAB47CA007BB91F /* Resources */,
			);
			buildRules = (
			);
			dependencies = (
			);
			name = Library;
			productName = Library;
			productReference = DD6CE4311EAB47CA007BB91F /* Library.app */;
			productType = "com.apple.product-type.application";
		};
		DD6CE4441EAB47CA007BB91F /* LibraryTests */ = {
			isa = PBXNativeTarget;
			buildConfigurationList = DD6CE45C1EAB47CA007BB91F /* Build configuration list for PBXNativeTarget "LibraryTests" */;
			buildPhases = (
				DD6CE4411EAB47CA007BB91F /* Sources */,
				DD6CE4421EAB47CA007BB91F /* Frameworks */,
				DD6CE4431EAB47CA007BB91F /* Resources */,
			);
			buildRules = (
			);
			dependencies = (
				DD6CE4471EAB47CA007BB91F /* PBXTargetDependency */,
			);
			name = LibraryTests;
			productName = LibraryTests;
			productReference = DD6CE4451EAB47CA007BB91F /* LibraryTests.xctest */;
			productType = "com.apple.product-type.bundle.unit-test";
		};
		DD6CE44F1EAB47CA007BB91F /* LibraryUITests */ = {
			isa = PBXNativeTarget;
			buildConfigurationList = DD6CE45F1EAB47CA007BB91F /* Build configuration list for PBXNativeTarget "LibraryUITests" */;
			buildPhases = (
				DD6CE44C1EAB47CA007BB91F /* Sources */,
				DD6CE44D1EAB47CA007BB91F /* Frameworks */,
				DD6CE44E1EAB47CA007BB91F /* Resources */,
			);
			buildRules = (
			);
			dependencies = (
				DD6CE4521EAB47CA007BB91F /* PBXTargetDependency */,
			);
			name = LibraryUITests;
			productName = LibraryUITests;
			productReference = DD6CE4501EAB47CA007BB91F /* LibraryUITests.xctest */;
			productType = "com.apple.product-type.bundle.ui-testing";
		};
/* End PBXNativeTarget section */

/* Begin PBXProject section */
		DD6CE4291EAB47CA007BB91F /* Project object */ = {
			isa = PBXProject;
			attributes = {
				LastSwiftUpdateCheck = 0830;
				LastUpgradeCheck = 0830;
				ORGANIZATIONNAME = "柳本宗達";
				TargetAttributes = {
					DD6CE4301EAB47CA007BB91F = {
						CreatedOnToolsVersion = 8.3.1;
						ProvisioningStyle = Automatic;
					};
					DD6CE4441EAB47CA007BB91F = {
						CreatedOnToolsVersion = 8.3.1;
						ProvisioningStyle = Automatic;
						TestTargetID = DD6CE4301EAB47CA007BB91F;
					};
					DD6CE44F1EAB47CA007BB91F = {
						CreatedOnToolsVersion = 8.3.1;
						ProvisioningStyle = Automatic;
						TestTargetID = DD6CE4301EAB47CA007BB91F;
					};
				};
			};
			buildConfigurationList = DD6CE42C1EAB47CA007BB91F /* Build configuration list for PBXProject "Library" */;
			compatibilityVersion = "Xcode 3.2";
			developmentRegion = English;
			hasScannedForEncodings = 0;
			knownRegions = (
				en,
				Base,
			);
			mainGroup = DD6CE4281EAB47CA007BB91F;
			productRefGroup = DD6CE4321EAB47CA007BB91F /* Products */;
			projectDirPath = "";
			projectRoot = "";
			targets = (
				DD6CE4301EAB47CA007BB91F /* Library */,
				DD6CE4441EAB47CA007BB91F /* LibraryTests */,
				DD6CE44F1EAB47CA007BB91F /* LibraryUITests */,
			);
		};
/* End PBXProject section */

/* Begin PBXResourcesBuildPhase section */
		DD6CE42F1EAB47CA007BB91F /* Resources */ = {
			isa = PBXResourcesBuildPhase;
			buildActionMask = 2147483647;
			files = (
				DD6CE43F1EAB47CA007BB91F /* LaunchScreen.storyboard in Resources */,
				DD0F8AB41EC8CA8B00543979 /* アセット 4.png in Resources */,
				DD0F8AB31EC8CA8B00543979 /* アセット 3.png in Resources */,
				DD6CE43C1EAB47CA007BB91F /* Assets.xcassets in Resources */,
				DD6CE46D1EAEF407007BB91F /* GenreTableViewCell.xib in Resources */,
				DD0F8AB51EC8CA8B00543979 /* アセット 5.png in Resources */,
				DD6CE43A1EAB47CA007BB91F /* Main.storyboard in Resources */,
				DDC7AF1C1EB64A4D00476ED6 /* BookTableViewCell.xib in Resources */,
				DD0F8AB21EC8CA8B00543979 /* アセット 2.png in Resources */,
			);
			runOnlyForDeploymentPostprocessing = 0;
		};
		DD6CE4431EAB47CA007BB91F /* Resources */ = {
			isa = PBXResourcesBuildPhase;
			buildActionMask = 2147483647;
			files = (
			);
			runOnlyForDeploymentPostprocessing = 0;
		};
		DD6CE44E1EAB47CA007BB91F /* Resources */ = {
			isa = PBXResourcesBuildPhase;
			buildActionMask = 2147483647;
			files = (
			);
			runOnlyForDeploymentPostprocessing = 0;
		};
/* End PBXResourcesBuildPhase section */

/* Begin PBXSourcesBuildPhase section */
		DD6CE42D1EAB47CA007BB91F /* Sources */ = {
			isa = PBXSourcesBuildPhase;
			buildActionMask = 2147483647;
			files = (
				DD6CE4371EAB47CA007BB91F /* ViewController.swift in Sources */,
				DD6CE4651EAB4CB3007BB91F /* GenreListTableViewController.swift in Sources */,
				DD0F8AA51EC8A84500543979 /* ComentViewController.swift in Sources */,
				DDC7AF181EB64A3800476ED6 /* BookListTableViewController.swift in Sources */,
				DDC7AF1B1EB64A4D00476ED6 /* BookTableViewCell.swift in Sources */,
				DD6CE4351EAB47CA007BB91F /* AppDelegate.swift in Sources */,
				DDC7AF1E1EB64A6E00476ED6 /* EditBookViewController.swift in Sources */,
				DD6CE46C1EAEF407007BB91F /* GenreTableViewCell.swift in Sources */,
				DD6CE4711EAEF45A007BB91F /* EditGenreViewController.swift in Sources */,
			);
			runOnlyForDeploymentPostprocessing = 0;
		};
		DD6CE4411EAB47CA007BB91F /* Sources */ = {
			isa = PBXSourcesBuildPhase;
			buildActionMask = 2147483647;
			files = (
				DD6CE44A1EAB47CA007BB91F /* LibraryTests.swift in Sources */,
			);
			runOnlyForDeploymentPostprocessing = 0;
		};
		DD6CE44C1EAB47CA007BB91F /* Sources */ = {
			isa = PBXSourcesBuildPhase;
			buildActionMask = 2147483647;
			files = (
				DD6CE4551EAB47CA007BB91F /* LibraryUITests.swift in Sources */,
			);
			runOnlyForDeploymentPostprocessing = 0;
		};
/* End PBXSourcesBuildPhase section */

/* Begin PBXTargetDependency section */
		DD6CE4471EAB47CA007BB91F /* PBXTargetDependency */ = {
			isa = PBXTargetDependency;
			target = DD6CE4301EAB47CA007BB91F /* Library */;
			targetProxy = DD6CE4461EAB47CA007BB91F /* PBXContainerItemProxy */;
		};
		DD6CE4521EAB47CA007BB91F /* PBXTargetDependency */ = {
			isa = PBXTargetDependency;
			target = DD6CE4301EAB47CA007BB91F /* Library */;
			targetProxy = DD6CE4511EAB47CA007BB91F /* PBXContainerItemProxy */;
		};
/* End PBXTargetDependency section */

/* Begin PBXVariantGroup section */
		DD6CE4381EAB47CA007BB91F /* Main.storyboard */ = {
			isa = PBXVariantGroup;
			children = (
				DD6CE4391EAB47CA007BB91F /* Base */,
			);
			name = Main.storyboard;
			sourceTree = "<group>";
		};
		DD6CE43D1EAB47CA007BB91F /* LaunchScreen.storyboard */ = {
			isa = PBXVariantGroup;
			children = (
				DD6CE43E1EAB47CA007BB91F /* Base */,
			);
			name = LaunchScreen.storyboard;
			sourceTree = "<group>";
		};
/* End PBXVariantGroup section */

/* Begin XCBuildConfiguration section */
		DD6CE4571EAB47CA007BB91F /* Debug */ = {
			isa = XCBuildConfiguration;
			buildSettings = {
				ALWAYS_SEARCH_USER_PATHS = NO;
				CLANG_ANALYZER_NONNULL = YES;
				CLANG_ANALYZER_NUMBER_OBJECT_CONVERSION = YES_AGGRESSIVE;
				CLANG_CXX_LANGUAGE_STANDARD = "gnu++0x";
				CLANG_CXX_LIBRARY = "libc++";
				CLANG_ENABLE_MODULES = YES;
				CLANG_ENABLE_OBJC_ARC = YES;
				CLANG_WARN_BOOL_CONVERSION = YES;
				CLANG_WARN_CONSTANT_CONVERSION = YES;
				CLANG_WARN_DIRECT_OBJC_ISA_USAGE = YES_ERROR;
				CLANG_WARN_DOCUMENTATION_COMMENTS = YES;
				CLANG_WARN_EMPTY_BODY = YES;
				CLANG_WARN_ENUM_CONVERSION = YES;
				CLANG_WARN_INFINITE_RECURSION = YES;
				CLANG_WARN_INT_CONVERSION = YES;
				CLANG_WARN_OBJC_ROOT_CLASS = YES_ERROR;
				CLANG_WARN_SUSPICIOUS_MOVE = YES;
				CLANG_WARN_UNREACHABLE_CODE = YES;
				CLANG_WARN__DUPLICATE_METHOD_MATCH = YES;
				"CODE_SIGN_IDENTITY[sdk=iphoneos*]" = "iPhone Developer";
				COPY_PHASE_STRIP = NO;
				DEBUG_INFORMATION_FORMAT = dwarf;
				ENABLE_STRICT_OBJC_MSGSEND = YES;
				ENABLE_TESTABILITY = YES;
				GCC_C_LANGUAGE_STANDARD = gnu99;
				GCC_DYNAMIC_NO_PIC = NO;
				GCC_NO_COMMON_BLOCKS = YES;
				GCC_OPTIMIZATION_LEVEL = 0;
				GCC_PREPROCESSOR_DEFINITIONS = (
					"DEBUG=1",
					"$(inherited)",
				);
				GCC_WARN_64_TO_32_BIT_CONVERSION = YES;
				GCC_WARN_ABOUT_RETURN_TYPE = YES_ERROR;
				GCC_WARN_UNDECLARED_SELECTOR = YES;
				GCC_WARN_UNINITIALIZED_AUTOS = YES_AGGRESSIVE;
				GCC_WARN_UNUSED_FUNCTION = YES;
				GCC_WARN_UNUSED_VARIABLE = YES;
				IPHONEOS_DEPLOYMENT_TARGET = 10.3;
				MTL_ENABLE_DEBUG_INFO = YES;
				ONLY_ACTIVE_ARCH = YES;
				SDKROOT = iphoneos;
				SWIFT_ACTIVE_COMPILATION_CONDITIONS = DEBUG;
				SWIFT_OPTIMIZATION_LEVEL = "-Onone";
			};
			name = Debug;
		};
		DD6CE4581EAB47CA007BB91F /* Release */ = {
			isa = XCBuildConfiguration;
			buildSettings = {
				ALWAYS_SEARCH_USER_PATHS = NO;
				CLANG_ANALYZER_NONNULL = YES;
				CLANG_ANALYZER_NUMBER_OBJECT_CONVERSION = YES_AGGRESSIVE;
				CLANG_CXX_LANGUAGE_STANDARD = "gnu++0x";
				CLANG_CXX_LIBRARY = "libc++";
				CLANG_ENABLE_MODULES = YES;
				CLANG_ENABLE_OBJC_ARC = YES;
				CLANG_WARN_BOOL_CONVERSION = YES;
				CLANG_WARN_CONSTANT_CONVERSION = YES;
				CLANG_WARN_DIRECT_OBJC_ISA_USAGE = YES_ERROR;
				CLANG_WARN_DOCUMENTATION_COMMENTS = YES;
				CLANG_WARN_EMPTY_BODY = YES;
				CLANG_WARN_ENUM_CONVERSION = YES;
				CLANG_WARN_INFINITE_RECURSION = YES;
				CLANG_WARN_INT_CONVERSION = YES;
				CLANG_WARN_OBJC_ROOT_CLASS = YES_ERROR;
				CLANG_WARN_SUSPICIOUS_MOVE = YES;
				CLANG_WARN_UNREACHABLE_CODE = YES;
				CLANG_WARN__DUPLICATE_METHOD_MATCH = YES;
				"CODE_SIGN_IDENTITY[sdk=iphoneos*]" = "iPhone Developer";
				COPY_PHASE_STRIP = NO;
				DEBUG_INFORMATION_FORMAT = "dwarf-with-dsym";
				ENABLE_NS_ASSERTIONS = NO;
				ENABLE_STRICT_OBJC_MSGSEND = YES;
				GCC_C_LANGUAGE_STANDARD = gnu99;
				GCC_NO_COMMON_BLOCKS = YES;
				GCC_WARN_64_TO_32_BIT_CONVERSION = YES;
				GCC_WARN_ABOUT_RETURN_TYPE = YES_ERROR;
				GCC_WARN_UNDECLARED_SELECTOR = YES;
				GCC_WARN_UNINITIALIZED_AUTOS = YES_AGGRESSIVE;
				GCC_WARN_UNUSED_FUNCTION = YES;
				GCC_WARN_UNUSED_VARIABLE = YES;
				IPHONEOS_DEPLOYMENT_TARGET = 10.3;
				MTL_ENABLE_DEBUG_INFO = NO;
				SDKROOT = iphoneos;
				SWIFT_OPTIMIZATION_LEVEL = "-Owholemodule";
				VALIDATE_PRODUCT = YES;
			};
			name = Release;
		};
		DD6CE45A1EAB47CA007BB91F /* Debug */ = {
			isa = XCBuildConfiguration;
			buildSettings = {
				ASSETCATALOG_COMPILER_APPICON_NAME = AppIcon;
				INFOPLIST_FILE = Library/Info.plist;
				LD_RUNPATH_SEARCH_PATHS = "$(inherited) @executable_path/Frameworks";
				PRODUCT_BUNDLE_IDENTIFIER = com.yanagimoto.Library;
				PRODUCT_NAME = "$(TARGET_NAME)";
				SWIFT_VERSION = 3.0;
			};
			name = Debug;
		};
		DD6CE45B1EAB47CA007BB91F /* Release */ = {
			isa = XCBuildConfiguration;
			buildSettings = {
				ASSETCATALOG_COMPILER_APPICON_NAME = AppIcon;
				INFOPLIST_FILE = Library/Info.plist;
				LD_RUNPATH_SEARCH_PATHS = "$(inherited) @executable_path/Frameworks";
				PRODUCT_BUNDLE_IDENTIFIER = com.yanagimoto.Library;
				PRODUCT_NAME = "$(TARGET_NAME)";
				SWIFT_VERSION = 3.0;
			};
			name = Release;
		};
		DD6CE45D1EAB47CA007BB91F /* Debug */ = {
			isa = XCBuildConfiguration;
			buildSettings = {
				ALWAYS_EMBED_SWIFT_STANDARD_LIBRARIES = YES;
				BUNDLE_LOADER = "$(TEST_HOST)";
				INFOPLIST_FILE = LibraryTests/Info.plist;
				LD_RUNPATH_SEARCH_PATHS = "$(inherited) @executable_path/Frameworks @loader_path/Frameworks";
				PRODUCT_BUNDLE_IDENTIFIER = com.yanagimoto.LibraryTests;
				PRODUCT_NAME = "$(TARGET_NAME)";
				SWIFT_VERSION = 3.0;
				TEST_HOST = "$(BUILT_PRODUCTS_DIR)/Library.app/Library";
			};
			name = Debug;
		};
		DD6CE45E1EAB47CA007BB91F /* Release */ = {
			isa = XCBuildConfiguration;
			buildSettings = {
				ALWAYS_EMBED_SWIFT_STANDARD_LIBRARIES = YES;
				BUNDLE_LOADER = "$(TEST_HOST)";
				INFOPLIST_FILE = LibraryTests/Info.plist;
				LD_RUNPATH_SEARCH_PATHS = "$(inherited) @executable_path/Frameworks @loader_path/Frameworks";
				PRODUCT_BUNDLE_IDENTIFIER = com.yanagimoto.LibraryTests;
				PRODUCT_NAME = "$(TARGET_NAME)";
				SWIFT_VERSION = 3.0;
				TEST_HOST = "$(BUILT_PRODUCTS_DIR)/Library.app/Library";
			};
			name = Release;
		};
		DD6CE4601EAB47CA007BB91F /* Debug */ = {
			isa = XCBuildConfiguration;
			buildSettings = {
				ALWAYS_EMBED_SWIFT_STANDARD_LIBRARIES = YES;
				INFOPLIST_FILE = LibraryUITests/Info.plist;
				LD_RUNPATH_SEARCH_PATHS = "$(inherited) @executable_path/Frameworks @loader_path/Frameworks";
				PRODUCT_BUNDLE_IDENTIFIER = com.yanagimoto.LibraryUITests;
				PRODUCT_NAME = "$(TARGET_NAME)";
				SWIFT_VERSION = 3.0;
				TEST_TARGET_NAME = Library;
			};
			name = Debug;
		};
		DD6CE4611EAB47CA007BB91F /* Release */ = {
			isa = XCBuildConfiguration;
			buildSettings = {
				ALWAYS_EMBED_SWIFT_STANDARD_LIBRARIES = YES;
				INFOPLIST_FILE = LibraryUITests/Info.plist;
				LD_RUNPATH_SEARCH_PATHS = "$(inherited) @executable_path/Frameworks @loader_path/Frameworks";
				PRODUCT_BUNDLE_IDENTIFIER = com.yanagimoto.LibraryUITests;
				PRODUCT_NAME = "$(TARGET_NAME)";
				SWIFT_VERSION = 3.0;
				TEST_TARGET_NAME = Library;
			};
			name = Release;
		};
/* End XCBuildConfiguration section */

/* Begin XCConfigurationList section */
		DD6CE42C1EAB47CA007BB91F /* Build configuration list for PBXProject "Library" */ = {
			isa = XCConfigurationList;
			buildConfigurations = (
				DD6CE4571EAB47CA007BB91F /* Debug */,
				DD6CE4581EAB47CA007BB91F /* Release */,
			);
			defaultConfigurationIsVisible = 0;
			defaultConfigurationName = Release;
		};
		DD6CE4591EAB47CA007BB91F /* Build configuration list for PBXNativeTarget "Library" */ = {
			isa = XCConfigurationList;
			buildConfigurations = (
				DD6CE45A1EAB47CA007BB91F /* Debug */,
				DD6CE45B1EAB47CA007BB91F /* Release */,
			);
			defaultConfigurationIsVisible = 0;
			defaultConfigurationName = Release;
		};
		DD6CE45C1EAB47CA007BB91F /* Build configuration list for PBXNativeTarget "LibraryTests" */ = {
			isa = XCConfigurationList;
			buildConfigurations = (
				DD6CE45D1EAB47CA007BB91F /* Debug */,
				DD6CE45E1EAB47CA007BB91F /* Release */,
			);
			defaultConfigurationIsVisible = 0;
			defaultConfigurationName = Release;
		};
		DD6CE45F1EAB47CA007BB91F /* Build configuration list for PBXNativeTarget "LibraryUITests" */ = {
			isa = XCConfigurationList;
			buildConfigurations = (
				DD6CE4601EAB47CA007BB91F /* Debug */,
				DD6CE4611EAB47CA007BB91F /* Release */,
			);
			defaultConfigurationIsVisible = 0;
			defaultConfigurationName = Release;
		};
/* End XCConfigurationList section */
	};
	rootObject = DD6CE4291EAB47CA007BB91F /* Project object */;
}
